Microsoft Visual Studio Solution File, Format Version 12.00
# Visual Studio Version 17
VisualStudioVersion = 17.5.2.0
MinimumVisualStudioVersion = 10.0.40219.1
Project("{FAE04EC0-301F-11D3-BF4B-00C04F79EFBC}") = "MvcMovie2", "MvcMovie2.csproj", "{8AA21E56-A51B-0326-F350-09A7304ED30A}"
EndProject
Global
	GlobalSection(SolutionConfigurationPlatforms) = preSolution
		Debug|Any CPU = Debug|Any CPU
		Release|Any CPU = Release|Any CPU
	EndGlobalSection
	GlobalSection(ProjectConfigurationPlatforms) = postSolution
		{8AA21E56-A51B-0326-F350-09A7304ED30A}.Debug|Any CPU.ActiveCfg = Debug|Any CPU
		{8AA21E56-A51B-0326-F350-09A7304ED30A}.Debug|Any CPU.Build.0 = Debug|Any CPU
		{8AA21E56-A51B-0326-F350-09A7304ED30A}.Release|Any CPU.ActiveCfg = Release|Any CPU
		{8AA21E56-A51B-0326-F350-09A7304ED30A}.Release|Any CPU.Build.0 = Release|Any CPU
	EndGlobalSection
	GlobalSection(SolutionProperties) = preSolution
		HideSolutionNode = FALSE
	EndGlobalSection
	GlobalSection(ExtensibilityGlobals) = postSolution
		SolutionGuid = {66C6F743-2BDD-461C-952A-92CD1A10AD75}
	EndGlobalSection
EndGlobal
